// !$*UTF8*$!
{
	archiveVersion = 1;
	classes = {
	};
	objectVersion = 56;
	objects = {

/* Begin PBXBuildFile section */
		E0000001 /* AppDelegate.swift in Sources */ = {isa = PBXBuildFile; fileRef = E0000010 /* AppDelegate.swift */; };
		E0000002 /* GameScene.swift in Sources */ = {isa = PBXBuildFile; fileRef = E0000011 /* GameScene.swift */; };
		E0000003 /* GameViewController.swift in Sources */ = {isa = PBXBuildFile; fileRef = E0000012 /* GameViewController.swift */; };
		E0000004 /* Main.storyboard in Resources */ = {isa = PBXBuildFile; fileRef = E0000090 /* Main.storyboard */; };
		E0000005 /* Assets.xcassets in Resources */ = {isa = PBXBuildFile; fileRef = E0000015 /* Assets.xcassets */; };
		E0000006 /* LaunchScreen.storyboard in Resources */ = {isa = PBXBuildFile; fileRef = E0000091 /* LaunchScreen.storyboard */; };
		E0000101 /* GameSettings.swift in Sources */ = {isa = PBXBuildFile; fileRef = E0000110 /* GameSettings.swift */; };
		E0000102 /* PlayerData.swift in Sources */ = {isa = PBXBuildFile; fileRef = E0000111 /* PlayerData.swift */; };
		E0000103 /* GameManager.swift in Sources */ = {isa = PBXBuildFile; fileRef = E0000112 /* GameManager.swift */; };
		E0000104 /* SceneManager.swift in Sources */ = {isa = PBXBuildFile; fileRef = E0000113 /* SceneManager.swift */; };
		E0000105 /* BaseGameScene.swift in Sources */ = {isa = PBXBuildFile; fileRef = E0000114 /* BaseGameScene.swift */; };
		E0000106 /* GameSceneDelegate.swift in Sources */ = {isa = PBXBuildFile; fileRef = E0000115 /* GameSceneDelegate.swift */; };
		E0000107 /* GameCamera.swift in Sources */ = {isa = PBXBuildFile; fileRef = E0000116 /* GameCamera.swift */; };
		E0000108 /* ParallaxBackground.swift in Sources */ = {isa = PBXBuildFile; fileRef = E0000117 /* ParallaxBackground.swift */; };
		E0000109 /* CameraEffects.swift in Sources */ = {isa = PBXBuildFile; fileRef = E0000118 /* CameraEffects.swift */; };
		E0000119 /* VirtualJoystick.swift in Sources */ = {isa = PBXBuildFile; fileRef = E0000120 /* VirtualJoystick.swift */; };
		E0000121 /* ActionButton.swift in Sources */ = {isa = PBXBuildFile; fileRef = E0000122 /* ActionButton.swift */; };
		E0000123 /* TouchControlsOverlay.swift in Sources */ = {isa = PBXBuildFile; fileRef = E0000124 /* TouchControlsOverlay.swift */; };
		E0000125 /* InputManager.swift in Sources */ = {isa = PBXBuildFile; fileRef = E0000126 /* InputManager.swift */; };
		E0000201 /* PhysicsCategories.swift in Sources */ = {isa = PBXBuildFile; fileRef = E0000210 /* PhysicsCategories.swift */; };
		E0000202 /* LevelData.swift in Sources */ = {isa = PBXBuildFile; fileRef = E0000211 /* LevelData.swift */; };
		E0000203 /* LevelLoader.swift in Sources */ = {isa = PBXBuildFile; fileRef = E0000212 /* LevelLoader.swift */; };
		E0000204 /* level_1.json in Resources */ = {isa = PBXBuildFile; fileRef = E0000213 /* level_1.json */; };
		E0000205 /* level_test.json in Resources */ = {isa = PBXBuildFile; fileRef = E0000214 /* level_test.json */; };
		E0000301 /* Player.swift in Sources */ = {isa = PBXBuildFile; fileRef = E0000310 /* Player.swift */; };
		E0000302 /* AnimationManager.swift in Sources */ = {isa = PBXBuildFile; fileRef = E0000311 /* AnimationManager.swift */; };
		E0000401 /* MeleeAttack.swift in Sources */ = {isa = PBXBuildFile; fileRef = E0000410 /* MeleeAttack.swift */; };
		E0000501 /* Collectible.swift in Sources */ = {isa = PBXBuildFile; fileRef = E0000510 /* Collectible.swift */; };
		E0000601 /* Enemy.swift in Sources */ = {isa = PBXBuildFile; fileRef = E0000610 /* Enemy.swift */; };
		E0000701 /* Cultist.swift in Sources */ = {isa = PBXBuildFile; fileRef = E0000710 /* Cultist.swift */; };
		E0000702 /* CorruptedSpirit.swift in Sources */ = {isa = PBXBuildFile; fileRef = E0000712 /* CorruptedSpirit.swift */; };
		E0000801 /* FloatingEye.swift in Sources */ = {isa = PBXBuildFile; fileRef = E0000810 /* FloatingEye.swift */; };
		E0000802 /* EyeProjectile.swift in Sources */ = {isa = PBXBuildFile; fileRef = E0000811 /* EyeProjectile.swift */; };
		E0000901 /* Skeleton.swift in Sources */ = {isa = PBXBuildFile; fileRef = E0000910 /* Skeleton.swift */; };
		E0001001 /* IceGolem.swift in Sources */ = {isa = PBXBuildFile; fileRef = E0001010 /* IceGolem.swift */; };
		E0001101 /* SkyDevourer.swift in Sources */ = {isa = PBXBuildFile; fileRef = E0001110 /* SkyDevourer.swift */; };
		E0001201 /* EliteCultist.swift in Sources */ = {isa = PBXBuildFile; fileRef = E0001210 /* EliteCultist.swift */; };
		E0002001 /* Boss.swift in Sources */ = {isa = PBXBuildFile; fileRef = E0002010 /* Boss.swift */; };
		E0002002 /* BossPhase.swift in Sources */ = {isa = PBXBuildFile; fileRef = E0002011 /* BossPhase.swift */; };
		E0002003 /* AttackPattern.swift in Sources */ = {isa = PBXBuildFile; fileRef = E0002012 /* AttackPattern.swift */; };
		E0002004 /* Defiler.swift in Sources */ = {isa = PBXBuildFile; fileRef = E0002014 /* Defiler.swift */; };
		E0002005 /* GroundWave.swift in Sources */ = {isa = PBXBuildFile; fileRef = E0002015 /* GroundWave.swift */; };
		E0002006 /* ChainMasterGrondar.swift in Sources */ = {isa = PBXBuildFile; fileRef = E0002016 /* ChainMasterGrondar.swift */; };
		E0002007 /* HeartOfCorruption.swift in Sources */ = {isa = PBXBuildFile; fileRef = E0002017 /* HeartOfCorruption.swift */; };
		E0002008 /* ArchnecromancerSalvus.swift in Sources */ = {isa = PBXBuildFile; fileRef = E0002018 /* ArchnecromancerSalvus.swift */; };
		E0002009 /* FrostGuardianKromar.swift in Sources */ = {isa = PBXBuildFile; fileRef = E0002019 /* FrostGuardianKromar.swift */; };
		E000200A /* SkyQueenSkirra.swift in Sources */ = {isa = PBXBuildFile; fileRef = E000201A /* SkyQueenSkirra.swift */; };
		E000200B /* GeneralMaltorus.swift in Sources */ = {isa = PBXBuildFile; fileRef = E000201B /* GeneralMaltorus.swift */; };
		E000200C /* Morgana.swift in Sources */ = {isa = PBXBuildFile; fileRef = E000201C /* Morgana.swift */; };
		E000200D /* Velkor.swift in Sources */ = {isa = PBXBuildFile; fileRef = E000201D /* Velkor.swift */; };
		E0003001 /* EnemyFactory.swift in Sources */ = {isa = PBXBuildFile; fileRef = E0003010 /* EnemyFactory.swift */; };
/* End PBXBuildFile section */

/* Begin PBXFileReference section */
		E0000008 /* ChroniclesOfRifts.app */ = {isa = PBXFileReference; explicitFileType = wrapper.application; includeInIndex = 0; path = ChroniclesOfRifts.app; sourceTree = BUILT_PRODUCTS_DIR; };
		E0000010 /* AppDelegate.swift */ = {isa = PBXFileReference; lastKnownFileType = sourcecode.swift; path = AppDelegate.swift; sourceTree = "<group>"; };
		E0000011 /* GameScene.swift */ = {isa = PBXFileReference; lastKnownFileType = sourcecode.swift; path = GameScene.swift; sourceTree = "<group>"; };
		E0000012 /* GameViewController.swift */ = {isa = PBXFileReference; lastKnownFileType = sourcecode.swift; path = GameViewController.swift; sourceTree = "<group>"; };
		E0000013 /* Base */ = {isa = PBXFileReference; lastKnownFileType = file.storyboard; name = Base; path = Base.lproj/Main.storyboard; sourceTree = "<group>"; };
		E0000015 /* Assets.xcassets */ = {isa = PBXFileReference; lastKnownFileType = folder.assetcatalog; path = Assets.xcassets; sourceTree = "<group>"; };
		E0000016 /* Base */ = {isa = PBXFileReference; lastKnownFileType = file.storyboard; name = Base; path = Base.lproj/LaunchScreen.storyboard; sourceTree = "<group>"; };
		E0000018 /* Info.plist */ = {isa = PBXFileReference; lastKnownFileType = text.plist.xml; path = Info.plist; sourceTree = "<group>"; };
		E0000110 /* GameSettings.swift */ = {isa = PBXFileReference; lastKnownFileType = sourcecode.swift; path = GameSettings.swift; sourceTree = "<group>"; };
		E0000111 /* PlayerData.swift */ = {isa = PBXFileReference; lastKnownFileType = sourcecode.swift; path = PlayerData.swift; sourceTree = "<group>"; };
		E0000112 /* GameManager.swift */ = {isa = PBXFileReference; lastKnownFileType = sourcecode.swift; path = GameManager.swift; sourceTree = "<group>"; };
		E0000113 /* SceneManager.swift */ = {isa = PBXFileReference; lastKnownFileType = sourcecode.swift; path = SceneManager.swift; sourceTree = "<group>"; };
		E0000114 /* BaseGameScene.swift */ = {isa = PBXFileReference; lastKnownFileType = sourcecode.swift; path = BaseGameScene.swift; sourceTree = "<group>"; };
		E0000115 /* GameSceneDelegate.swift */ = {isa = PBXFileReference; lastKnownFileType = sourcecode.swift; path = GameSceneDelegate.swift; sourceTree = "<group>"; };
		E0000116 /* GameCamera.swift */ = {isa = PBXFileReference; lastKnownFileType = sourcecode.swift; path = GameCamera.swift; sourceTree = "<group>"; };
		E0000117 /* ParallaxBackground.swift */ = {isa = PBXFileReference; lastKnownFileType = sourcecode.swift; path = ParallaxBackground.swift; sourceTree = "<group>"; };
		E0000118 /* CameraEffects.swift */ = {isa = PBXFileReference; lastKnownFileType = sourcecode.swift; path = CameraEffects.swift; sourceTree = "<group>"; };
		E0000120 /* VirtualJoystick.swift */ = {isa = PBXFileReference; lastKnownFileType = sourcecode.swift; path = VirtualJoystick.swift; sourceTree = "<group>"; };
		E0000122 /* ActionButton.swift */ = {isa = PBXFileReference; lastKnownFileType = sourcecode.swift; path = ActionButton.swift; sourceTree = "<group>"; };
		E0000124 /* TouchControlsOverlay.swift */ = {isa = PBXFileReference; lastKnownFileType = sourcecode.swift; path = TouchControlsOverlay.swift; sourceTree = "<group>"; };
		E0000126 /* InputManager.swift */ = {isa = PBXFileReference; lastKnownFileType = sourcecode.swift; path = InputManager.swift; sourceTree = "<group>"; };
		E0000210 /* PhysicsCategories.swift */ = {isa = PBXFileReference; lastKnownFileType = sourcecode.swift; path = PhysicsCategories.swift; sourceTree = "<group>"; };
		E0000211 /* LevelData.swift */ = {isa = PBXFileReference; lastKnownFileType = sourcecode.swift; path = LevelData.swift; sourceTree = "<group>"; };
		E0000212 /* LevelLoader.swift */ = {isa = PBXFileReference; lastKnownFileType = sourcecode.swift; path = LevelLoader.swift; sourceTree = "<group>"; };
		E0000213 /* level_1.json */ = {isa = PBXFileReference; lastKnownFileType = text.json; path = level_1.json; sourceTree = "<group>"; };
		E0000214 /* level_test.json */ = {isa = PBXFileReference; lastKnownFileType = text.json; path = level_test.json; sourceTree = "<group>"; };
		E0000310 /* Player.swift */ = {isa = PBXFileReference; lastKnownFileType = sourcecode.swift; path = Player.swift; sourceTree = "<group>"; };
		E0000311 /* AnimationManager.swift */ = {isa = PBXFileReference; lastKnownFileType = sourcecode.swift; path = AnimationManager.swift; sourceTree = "<group>"; };
		E0000410 /* MeleeAttack.swift */ = {isa = PBXFileReference; lastKnownFileType = sourcecode.swift; path = MeleeAttack.swift; sourceTree = "<group>"; };
		E0000510 /* Collectible.swift */ = {isa = PBXFileReference; lastKnownFileType = sourcecode.swift; path = Collectible.swift; sourceTree = "<group>"; };
		E0000610 /* Enemy.swift */ = {isa = PBXFileReference; lastKnownFileType = sourcecode.swift; path = Enemy.swift; sourceTree = "<group>"; };
		E0000710 /* Cultist.swift */ = {isa = PBXFileReference; lastKnownFileType = sourcecode.swift; path = Cultist.swift; sourceTree = "<group>"; };
		E0000712 /* CorruptedSpirit.swift */ = {isa = PBXFileReference; lastKnownFileType = sourcecode.swift; path = CorruptedSpirit.swift; sourceTree = "<group>"; };
		E0000810 /* FloatingEye.swift */ = {isa = PBXFileReference; lastKnownFileType = sourcecode.swift; path = FloatingEye.swift; sourceTree = "<group>"; };
		E0000811 /* EyeProjectile.swift */ = {isa = PBXFileReference; lastKnownFileType = sourcecode.swift; path = EyeProjectile.swift; sourceTree = "<group>"; };
		E0000910 /* Skeleton.swift */ = {isa = PBXFileReference; lastKnownFileType = sourcecode.swift; path = Skeleton.swift; sourceTree = "<group>"; };
		E0001010 /* IceGolem.swift */ = {isa = PBXFileReference; lastKnownFileType = sourcecode.swift; path = IceGolem.swift; sourceTree = "<group>"; };
		E0001110 /* SkyDevourer.swift */ = {isa = PBXFileReference; lastKnownFileType = sourcecode.swift; path = SkyDevourer.swift; sourceTree = "<group>"; };
		E0001210 /* EliteCultist.swift */ = {isa = PBXFileReference; lastKnownFileType = sourcecode.swift; path = EliteCultist.swift; sourceTree = "<group>"; };
		E0002010 /* Boss.swift */ = {isa = PBXFileReference; lastKnownFileType = sourcecode.swift; path = Boss.swift; sourceTree = "<group>"; };
		E0002011 /* BossPhase.swift */ = {isa = PBXFileReference; lastKnownFileType = sourcecode.swift; path = BossPhase.swift; sourceTree = "<group>"; };
		E0002012 /* AttackPattern.swift */ = {isa = PBXFileReference; lastKnownFileType = sourcecode.swift; path = AttackPattern.swift; sourceTree = "<group>"; };
		E0002014 /* Defiler.swift */ = {isa = PBXFileReference; lastKnownFileType = sourcecode.swift; path = Defiler.swift; sourceTree = "<group>"; };
		E0002015 /* GroundWave.swift */ = {isa = PBXFileReference; lastKnownFileType = sourcecode.swift; path = GroundWave.swift; sourceTree = "<group>"; };
		E0002016 /* ChainMasterGrondar.swift */ = {isa = PBXFileReference; lastKnownFileType = sourcecode.swift; path = ChainMasterGrondar.swift; sourceTree = "<group>"; };
		E0002017 /* HeartOfCorruption.swift */ = {isa = PBXFileReference; lastKnownFileType = sourcecode.swift; path = HeartOfCorruption.swift; sourceTree = "<group>"; };
		E0002018 /* ArchnecromancerSalvus.swift */ = {isa = PBXFileReference; lastKnownFileType = sourcecode.swift; path = ArchnecromancerSalvus.swift; sourceTree = "<group>"; };
		E0002019 /* FrostGuardianKromar.swift */ = {isa = PBXFileReference; lastKnownFileType = sourcecode.swift; path = FrostGuardianKromar.swift; sourceTree = "<group>"; };
		E000201A /* SkyQueenSkirra.swift */ = {isa = PBXFileReference; lastKnownFileType = sourcecode.swift; path = SkyQueenSkirra.swift; sourceTree = "<group>"; };
		E000201B /* GeneralMaltorus.swift */ = {isa = PBXFileReference; lastKnownFileType = sourcecode.swift; path = GeneralMaltorus.swift; sourceTree = "<group>"; };
		E000201C /* Morgana.swift */ = {isa = PBXFileReference; lastKnownFileType = sourcecode.swift; path = Morgana.swift; sourceTree = "<group>"; };
		E000201D /* Velkor.swift */ = {isa = PBXFileReference; lastKnownFileType = sourcecode.swift; path = Velkor.swift; sourceTree = "<group>"; };
		E0003010 /* EnemyFactory.swift */ = {isa = PBXFileReference; lastKnownFileType = sourcecode.swift; path = EnemyFactory.swift; sourceTree = "<group>"; };
/* End PBXFileReference section */

/* Begin PBXFrameworksBuildPhase section */
		E0000020 /* Frameworks */ = {
			isa = PBXFrameworksBuildPhase;
			buildActionMask = 2147483647;
			files = (
			);
			runOnlyForDeploymentPostprocessing = 0;
		};
/* End PBXFrameworksBuildPhase section */

/* Begin PBXGroup section */
		E0000030 = {
			isa = PBXGroup;
			children = (
				E0000031 /* ChroniclesOfRifts */,
				E0000008 /* ChroniclesOfRifts.app */,
			);
			sourceTree = "<group>";
		};
		E0000031 /* ChroniclesOfRifts */ = {
			isa = PBXGroup;
			children = (
				E0000010 /* AppDelegate.swift */,
				E0000012 /* GameViewController.swift */,
				E0000040 /* Scenes */,
				E0000041 /* Entities */,
				E0000042 /* Components */,
				E0000043 /* Managers */,
				E0000044 /* Resources */,
				E0000045 /* Levels */,
				E0000046 /* Utils */,
				E0000090 /* Main.storyboard */,
				E0000015 /* Assets.xcassets */,
				E0000091 /* LaunchScreen.storyboard */,
				E0000018 /* Info.plist */,
			);
			path = ChroniclesOfRifts;
			sourceTree = "<group>";
		};
		E0000040 /* Scenes */ = {
			isa = PBXGroup;
			children = (
				E0000011 /* GameScene.swift */,
				E0000114 /* BaseGameScene.swift */,
				E0000115 /* GameSceneDelegate.swift */,
			);
			path = Scenes;
			sourceTree = "<group>";
		};
		E0000041 /* Entities */ = {
			isa = PBXGroup;
			children = (
				E0000310 /* Player.swift */,
				E0000510 /* Collectible.swift */,
				E0000610 /* Enemy.swift */,
				E0003010 /* EnemyFactory.swift */,
				E0000711 /* Enemies */,
				E0002013 /* Bosses */,
				E0000812 /* Projectiles */,
			);
			path = Entities;
			sourceTree = "<group>";
		};
		E0002013 /* Bosses */ = {
			isa = PBXGroup;
			children = (
				E0002010 /* Boss.swift */,
				E0002011 /* BossPhase.swift */,
				E0002012 /* AttackPattern.swift */,
				E0002014 /* Defiler.swift */,
				E0002016 /* ChainMasterGrondar.swift */,
				E0002017 /* HeartOfCorruption.swift */,
				E0002018 /* ArchnecromancerSalvus.swift */,
				E0002019 /* FrostGuardianKromar.swift */,
				E000201A /* SkyQueenSkirra.swift */,
				E000201B /* GeneralMaltorus.swift */,
				E000201C /* Morgana.swift */,
				E000201D /* Velkor.swift */,
			);
			path = Bosses;
			sourceTree = "<group>";
		};
		E0000711 /* Enemies */ = {
			isa = PBXGroup;
			children = (
				E0000710 /* Cultist.swift */,
				E0000712 /* CorruptedSpirit.swift */,
				E0001210 /* EliteCultist.swift */,
				E0000810 /* FloatingEye.swift */,
				E0001010 /* IceGolem.swift */,
				E0000910 /* Skeleton.swift */,
				E0001110 /* SkyDevourer.swift */,
			);
			path = Enemies;
			sourceTree = "<group>";
		};
		E0000812 /* Projectiles */ = {
			isa = PBXGroup;
			children = (
				E0000811 /* EyeProjectile.swift */,
				E0002015 /* GroundWave.swift */,
			);
			path = Projectiles;
			sourceTree = "<group>";
		};
		E0000042 /* Components */ = {
			isa = PBXGroup;
			children = (
				E0000116 /* GameCamera.swift */,
				E0000117 /* ParallaxBackground.swift */,
				E0000118 /* CameraEffects.swift */,
				E0000120 /* VirtualJoystick.swift */,
				E0000122 /* ActionButton.swift */,
				E0000124 /* TouchControlsOverlay.swift */,
				E0000410 /* MeleeAttack.swift */,
			);
			path = Components;
			sourceTree = "<group>";
		};
		E0000043 /* Managers */ = {
			isa = PBXGroup;
			children = (
				E0000110 /* GameSettings.swift */,
				E0000111 /* PlayerData.swift */,
				E0000112 /* GameManager.swift */,
				E0000113 /* SceneManager.swift */,
				E0000126 /* InputManager.swift */,
				E0000311 /* AnimationManager.swift */,
			);
			path = Managers;
			sourceTree = "<group>";
		};
		E0000044 /* Resources */ = {
			isa = PBXGroup;
			children = (
				E0000047 /* Textures */,
				E0000048 /* Audio */,
				E0000049 /* Fonts */,
			);
			path = Resources;
			sourceTree = "<group>";
		};
		E0000045 /* Levels */ = {
			isa = PBXGroup;
			children = (
				E0000211 /* LevelData.swift */,
				E0000212 /* LevelLoader.swift */,
				E0000213 /* level_1.json */,
				E0000214 /* level_test.json */,
			);
			path = Levels;
			sourceTree = "<group>";
		};
		E0000046 /* Utils */ = {
			isa = PBXGroup;
			children = (
				E0000210 /* PhysicsCategories.swift */,
			);
			path = Utils;
			sourceTree = "<group>";
		};
		E0000047 /* Textures */ = {
			isa = PBXGroup;
			children = (
			);
			path = Textures;
			sourceTree = "<group>";
		};
		E0000048 /* Audio */ = {
			isa = PBXGroup;
			children = (
			);
			path = Audio;
			sourceTree = "<group>";
		};
		E0000049 /* Fonts */ = {
			isa = PBXGroup;
			children = (
			);
			path = Fonts;
			sourceTree = "<group>";
		};
/* End PBXGroup section */

/* Begin PBXNativeTarget section */
		E0000050 /* ChroniclesOfRifts */ = {
			isa = PBXNativeTarget;
			buildConfigurationList = E0000060 /* Build configuration list for PBXNativeTarget "ChroniclesOfRifts" */;
			buildPhases = (
				E0000051 /* Sources */,
				E0000020 /* Frameworks */,
				E0000052 /* Resources */,
			);
			buildRules = (
			);
			dependencies = (
			);
			name = ChroniclesOfRifts;
			productName = ChroniclesOfRifts;
			productReference = E0000008 /* ChroniclesOfRifts.app */;
			productType = "com.apple.product-type.application";
		};
/* End PBXNativeTarget section */

/* Begin PBXProject section */
		E0000070 /* Project object */ = {
			isa = PBXProject;
			attributes = {
				BuildIndependentTargetsInParallel = 1;
				LastSwiftUpdateCheck = 1500;
				LastUpgradeCheck = 1500;
				TargetAttributes = {
					E0000050 = {
						CreatedOnToolsVersion = 15.0;
					};
				};
			};
			buildConfigurationList = E0000071 /* Build configuration list for PBXProject "ChroniclesOfRifts" */;
			compatibilityVersion = "Xcode 14.0";
			developmentRegion = en;
			hasScannedForEncodings = 0;
			knownRegions = (
				en,
				Base,
			);
			mainGroup = E0000030;
			productRefGroup = E0000030;
			projectDirPath = "";
			projectRoot = "";
			targets = (
				E0000050 /* ChroniclesOfRifts */,
			);
		};
/* End PBXProject section */

/* Begin PBXResourcesBuildPhase section */
		E0000052 /* Resources */ = {
			isa = PBXResourcesBuildPhase;
			buildActionMask = 2147483647;
			files = (
				E0000004 /* Main.storyboard in Resources */,
				E0000005 /* Assets.xcassets in Resources */,
				E0000006 /* LaunchScreen.storyboard in Resources */,
				E0000204 /* level_1.json in Resources */,
				E0000205 /* level_test.json in Resources */,
			);
			runOnlyForDeploymentPostprocessing = 0;
		};
/* End PBXResourcesBuildPhase section */

/* Begin PBXSourcesBuildPhase section */
		E0000051 /* Sources */ = {
			isa = PBXSourcesBuildPhase;
			buildActionMask = 2147483647;
			files = (
				E0000001 /* AppDelegate.swift in Sources */,
				E0000002 /* GameScene.swift in Sources */,
				E0000003 /* GameViewController.swift in Sources */,
				E0000101 /* GameSettings.swift in Sources */,
				E0000102 /* PlayerData.swift in Sources */,
				E0000103 /* GameManager.swift in Sources */,
				E0000104 /* SceneManager.swift in Sources */,
				E0000105 /* BaseGameScene.swift in Sources */,
				E0000106 /* GameSceneDelegate.swift in Sources */,
				E0000107 /* GameCamera.swift in Sources */,
				E0000108 /* ParallaxBackground.swift in Sources */,
				E0000109 /* CameraEffects.swift in Sources */,
				E0000119 /* VirtualJoystick.swift in Sources */,
				E0000121 /* ActionButton.swift in Sources */,
				E0000123 /* TouchControlsOverlay.swift in Sources */,
				E0000125 /* InputManager.swift in Sources */,
				E0000201 /* PhysicsCategories.swift in Sources */,
				E0000202 /* LevelData.swift in Sources */,
				E0000203 /* LevelLoader.swift in Sources */,
				E0000301 /* Player.swift in Sources */,
				E0000302 /* AnimationManager.swift in Sources */,
				E0000401 /* MeleeAttack.swift in Sources */,
				E0000501 /* Collectible.swift in Sources */,
				E0000601 /* Enemy.swift in Sources */,
				E0000701 /* Cultist.swift in Sources */,
				E0000702 /* CorruptedSpirit.swift in Sources */,
				E0000801 /* FloatingEye.swift in Sources */,
				E0000802 /* EyeProjectile.swift in Sources */,
				E0000901 /* Skeleton.swift in Sources */,
				E0001001 /* IceGolem.swift in Sources */,
				E0001101 /* SkyDevourer.swift in Sources */,
				E0001201 /* EliteCultist.swift in Sources */,
				E0002001 /* Boss.swift in Sources */,
				E0002002 /* BossPhase.swift in Sources */,
				E0002003 /* AttackPattern.swift in Sources */,
				E0002004 /* Defiler.swift in Sources */,
				E0002005 /* GroundWave.swift in Sources */,
				E0002006 /* ChainMasterGrondar.swift in Sources */,
				E0002007 /* HeartOfCorruption.swift in Sources */,
				E0002008 /* ArchnecromancerSalvus.swift in Sources */,
				E0002009 /* FrostGuardianKromar.swift in Sources */,
				E000200A /* SkyQueenSkirra.swift in Sources */,
				E000200B /* GeneralMaltorus.swift in Sources */,
				E000200C /* Morgana.swift in Sources */,
				E000200D /* Velkor.swift in Sources */,
				E0003001 /* EnemyFactory.swift in Sources */,
			);
			runOnlyForDeploymentPostprocessing = 0;
		};
/* End PBXSourcesBuildPhase section */

/* Begin PBXVariantGroup section */
		E0000090 /* Main.storyboard */ = {
			isa = PBXVariantGroup;
			children = (
				E0000013 /* Base */,
			);
			name = Main.storyboard;
			sourceTree = "<group>";
		};
		E0000091 /* LaunchScreen.storyboard */ = {
			isa = PBXVariantGroup;
			children = (
				E0000016 /* Base */,
			);
			name = LaunchScreen.storyboard;
			sourceTree = "<group>";
		};
/* End PBXVariantGroup section */

/* Begin XCBuildConfiguration section */
		E0000080 /* Debug */ = {
			isa = XCBuildConfiguration;
			buildSettings = {
				ALWAYS_SEARCH_USER_PATHS = NO;
				ASSETCATALOG_COMPILER_GENERATE_SWIFT_ASSET_SYMBOL_EXTENSIONS = YES;
				CLANG_ANALYZER_NONNULL = YES;
				CLANG_ANALYZER_NUMBER_OBJECT_CONVERSION = YES_AGGRESSIVE;
				CLANG_CXX_LANGUAGE_STANDARD = "gnu++20";
				CLANG_ENABLE_MODULES = YES;
				CLANG_ENABLE_OBJC_ARC = YES;
				CLANG_ENABLE_OBJC_WEAK = YES;
				CLANG_WARN_BLOCK_CAPTURE_AUTORELEASING = YES;
				CLANG_WARN_BOOL_CONVERSION = YES;
				CLANG_WARN_COMMA = YES;
				CLANG_WARN_CONSTANT_CONVERSION = YES;
				CLANG_WARN_DEPRECATED_OBJC_IMPLEMENTATIONS = YES;
				CLANG_WARN_DIRECT_OBJC_ISA_USAGE = YES_ERROR;
				CLANG_WARN_DOCUMENTATION_COMMENTS = YES;
				CLANG_WARN_EMPTY_BODY = YES;
				CLANG_WARN_ENUM_CONVERSION = YES;
				CLANG_WARN_INFINITE_RECURSION = YES;
				CLANG_WARN_INT_CONVERSION = YES;
				CLANG_WARN_NON_LITERAL_NULL_CONVERSION = YES;
				CLANG_WARN_OBJC_IMPLICIT_RETAIN_SELF = YES;
				CLANG_WARN_OBJC_LITERAL_CONVERSION = YES;
				CLANG_WARN_OBJC_ROOT_CLASS = YES_ERROR;
				CLANG_WARN_QUOTED_INCLUDE_IN_FRAMEWORK_HEADER = YES;
				CLANG_WARN_RANGE_LOOP_ANALYSIS = YES;
				CLANG_WARN_STRICT_PROTOTYPES = YES;
				CLANG_WARN_SUSPICIOUS_MOVE = YES;
				CLANG_WARN_UNGUARDED_AVAILABILITY = YES_AGGRESSIVE;
				CLANG_WARN_UNREACHABLE_CODE = YES;
				CLANG_WARN__DUPLICATE_METHOD_MATCH = YES;
				COPY_PHASE_STRIP = NO;
				DEBUG_INFORMATION_FORMAT = dwarf;
				ENABLE_STRICT_OBJC_MSGSEND = YES;
				ENABLE_TESTABILITY = YES;
				ENABLE_USER_SCRIPT_SANDBOXING = YES;
				GCC_C_LANGUAGE_STANDARD = gnu17;
				GCC_DYNAMIC_NO_PIC = NO;
				GCC_NO_COMMON_BLOCKS = YES;
				GCC_OPTIMIZATION_LEVEL = 0;
				GCC_PREPROCESSOR_DEFINITIONS = (
					"DEBUG=1",
					"$(inherited)",
				);
				GCC_WARN_64_TO_32_BIT_CONVERSION = YES;
				GCC_WARN_ABOUT_RETURN_TYPE = YES_ERROR;
				GCC_WARN_UNDECLARED_SELECTOR = YES;
				GCC_WARN_UNINITIALIZED_AUTOS = YES_AGGRESSIVE;
				GCC_WARN_UNUSED_FUNCTION = YES;
				GCC_WARN_UNUSED_VARIABLE = YES;
				IPHONEOS_DEPLOYMENT_TARGET = 15.0;
				LOCALIZATION_PREFERS_STRING_CATALOGS = YES;
				MTL_ENABLE_DEBUG_INFO = INCLUDE_SOURCE;
				MTL_FAST_MATH = YES;
				ONLY_ACTIVE_ARCH = YES;
				SDKROOT = iphoneos;
				SWIFT_ACTIVE_COMPILATION_CONDITIONS = "DEBUG $(inherited)";
				SWIFT_OPTIMIZATION_LEVEL = "-Onone";
				SWIFT_VERSION = 5.0;
			};
			name = Debug;
		};
		E0000081 /* Release */ = {
			isa = XCBuildConfiguration;
			buildSettings = {
				ALWAYS_SEARCH_USER_PATHS = NO;
				ASSETCATALOG_COMPILER_GENERATE_SWIFT_ASSET_SYMBOL_EXTENSIONS = YES;
				CLANG_ANALYZER_NONNULL = YES;
				CLANG_ANALYZER_NUMBER_OBJECT_CONVERSION = YES_AGGRESSIVE;
				CLANG_CXX_LANGUAGE_STANDARD = "gnu++20";
				CLANG_ENABLE_MODULES = YES;
				CLANG_ENABLE_OBJC_ARC = YES;
				CLANG_ENABLE_OBJC_WEAK = YES;
				CLANG_WARN_BLOCK_CAPTURE_AUTORELEASING = YES;
				CLANG_WARN_BOOL_CONVERSION = YES;
				CLANG_WARN_COMMA = YES;
				CLANG_WARN_CONSTANT_CONVERSION = YES;
				CLANG_WARN_DEPRECATED_OBJC_IMPLEMENTATIONS = YES;
				CLANG_WARN_DIRECT_OBJC_ISA_USAGE = YES_ERROR;
				CLANG_WARN_DOCUMENTATION_COMMENTS = YES;
				CLANG_WARN_EMPTY_BODY = YES;
				CLANG_WARN_ENUM_CONVERSION = YES;
				CLANG_WARN_INFINITE_RECURSION = YES;
				CLANG_WARN_INT_CONVERSION = YES;
				CLANG_WARN_NON_LITERAL_NULL_CONVERSION = YES;
				CLANG_WARN_OBJC_IMPLICIT_RETAIN_SELF = YES;
				CLANG_WARN_OBJC_LITERAL_CONVERSION = YES;
				CLANG_WARN_OBJC_ROOT_CLASS = YES_ERROR;
				CLANG_WARN_QUOTED_INCLUDE_IN_FRAMEWORK_HEADER = YES;
				CLANG_WARN_RANGE_LOOP_ANALYSIS = YES;
				CLANG_WARN_STRICT_PROTOTYPES = YES;
				CLANG_WARN_SUSPICIOUS_MOVE = YES;
				CLANG_WARN_UNGUARDED_AVAILABILITY = YES_AGGRESSIVE;
				CLANG_WARN_UNREACHABLE_CODE = YES;
				CLANG_WARN__DUPLICATE_METHOD_MATCH = YES;
				COPY_PHASE_STRIP = NO;
				DEBUG_INFORMATION_FORMAT = "dwarf-with-dsym";
				ENABLE_NS_ASSERTIONS = NO;
				ENABLE_STRICT_OBJC_MSGSEND = YES;
				ENABLE_USER_SCRIPT_SANDBOXING = YES;
				GCC_C_LANGUAGE_STANDARD = gnu17;
				GCC_NO_COMMON_BLOCKS = YES;
				GCC_WARN_64_TO_32_BIT_CONVERSION = YES;
				GCC_WARN_ABOUT_RETURN_TYPE = YES_ERROR;
				GCC_WARN_UNDECLARED_SELECTOR = YES;
				GCC_WARN_UNINITIALIZED_AUTOS = YES_AGGRESSIVE;
				GCC_WARN_UNUSED_FUNCTION = YES;
				GCC_WARN_UNUSED_VARIABLE = YES;
				IPHONEOS_DEPLOYMENT_TARGET = 15.0;
				LOCALIZATION_PREFERS_STRING_CATALOGS = YES;
				MTL_ENABLE_DEBUG_INFO = NO;
				MTL_FAST_MATH = YES;
				SDKROOT = iphoneos;
				SWIFT_COMPILATION_MODE = wholemodule;
				SWIFT_VERSION = 5.0;
				VALIDATE_PRODUCT = YES;
			};
			name = Release;
		};
		E0000082 /* Debug */ = {
			isa = XCBuildConfiguration;
			buildSettings = {
				ASSETCATALOG_COMPILER_APPICON_NAME = AppIcon;
				ASSETCATALOG_COMPILER_GLOBAL_ACCENT_COLOR_NAME = AccentColor;
				CODE_SIGN_STYLE = Automatic;
				CURRENT_PROJECT_VERSION = 1;
				DEVELOPMENT_TEAM = STZQ93XSP6;
				GENERATE_INFOPLIST_FILE = YES;
				INFOPLIST_FILE = ChroniclesOfRifts/Info.plist;
				INFOPLIST_KEY_UIApplicationSupportsIndirectInputEvents = YES;
				INFOPLIST_KEY_UILaunchStoryboardName = LaunchScreen;
				INFOPLIST_KEY_UIMainStoryboardFile = Main;
				INFOPLIST_KEY_UIRequiresFullScreen = YES;
				INFOPLIST_KEY_UIStatusBarHidden = YES;
				INFOPLIST_KEY_UISupportedInterfaceOrientations = "UIInterfaceOrientationLandscapeLeft UIInterfaceOrientationLandscapeRight";
				LD_RUNPATH_SEARCH_PATHS = (
					"$(inherited)",
					"@executable_path/Frameworks",
				);
				MARKETING_VERSION = 1.0;
				PRODUCT_BUNDLE_IDENTIFIER = com.chroniclesofrifts.game;
				PRODUCT_NAME = "$(TARGET_NAME)";
				SWIFT_EMIT_LOC_STRINGS = YES;
				SWIFT_VERSION = 5.0;
				TARGETED_DEVICE_FAMILY = "1,2";
			};
			name = Debug;
		};
		E0000083 /* Release */ = {
			isa = XCBuildConfiguration;
			buildSettings = {
				ASSETCATALOG_COMPILER_APPICON_NAME = AppIcon;
				ASSETCATALOG_COMPILER_GLOBAL_ACCENT_COLOR_NAME = AccentColor;
				CODE_SIGN_STYLE = Automatic;
				CURRENT_PROJECT_VERSION = 1;
				DEVELOPMENT_TEAM = STZQ93XSP6;
				GENERATE_INFOPLIST_FILE = YES;
				INFOPLIST_FILE = ChroniclesOfRifts/Info.plist;
				INFOPLIST_KEY_UIApplicationSupportsIndirectInputEvents = YES;
				INFOPLIST_KEY_UILaunchStoryboardName = LaunchScreen;
				INFOPLIST_KEY_UIMainStoryboardFile = Main;
				INFOPLIST_KEY_UIRequiresFullScreen = YES;
				INFOPLIST_KEY_UIStatusBarHidden = YES;
				INFOPLIST_KEY_UISupportedInterfaceOrientations = "UIInterfaceOrientationLandscapeLeft UIInterfaceOrientationLandscapeRight";
				LD_RUNPATH_SEARCH_PATHS = (
					"$(inherited)",
					"@executable_path/Frameworks",
				);
				MARKETING_VERSION = 1.0;
				PRODUCT_BUNDLE_IDENTIFIER = com.chroniclesofrifts.game;
				PRODUCT_NAME = "$(TARGET_NAME)";
				SWIFT_EMIT_LOC_STRINGS = YES;
				SWIFT_VERSION = 5.0;
				TARGETED_DEVICE_FAMILY = "1,2";
			};
			name = Release;
		};
/* End XCBuildConfiguration section */

/* Begin XCConfigurationList section */
		E0000060 /* Build configuration list for PBXNativeTarget "ChroniclesOfRifts" */ = {
			isa = XCConfigurationList;
			buildConfigurations = (
				E0000082 /* Debug */,
				E0000083 /* Release */,
			);
			defaultConfigurationIsVisible = 0;
			defaultConfigurationName = Release;
		};
		E0000071 /* Build configuration list for PBXProject "ChroniclesOfRifts" */ = {
			isa = XCConfigurationList;
			buildConfigurations = (
				E0000080 /* Debug */,
				E0000081 /* Release */,
			);
			defaultConfigurationIsVisible = 0;
			defaultConfigurationName = Release;
		};
/* End XCConfigurationList section */
	};
	rootObject = E0000070 /* Project object */;
}
