// !$*UTF8*$!
{
	archiveVersion = 1;
	classes = {
	};
	objectVersion = 56;
	objects = {

/* Begin PBXBuildFile section */
		E0000001 /* AppDelegate.swift in Sources */ = {isa = PBXBuildFile; fileRef = E0000010; };
		E0000002 /* GameScene.swift in Sources */ = {isa = PBXBuildFile; fileRef = E0000011; };
		E0000003 /* GameViewController.swift in Sources */ = {isa = PBXBuildFile; fileRef = E0000012; };
		E0000004 /* Main.storyboard in Resources */ = {isa = PBXBuildFile; fileRef = E0000090; };
		E0000005 /* Assets.xcassets in Resources */ = {isa = PBXBuildFile; fileRef = E0000015; };
		E0000006 /* LaunchScreen.storyboard in Resources */ = {isa = PBXBuildFile; fileRef = E0000091; };
		E0000101 /* GameSettings.swift in Sources */ = {isa = PBXBuildFile; fileRef = E0000110; };
		E0000102 /* PlayerData.swift in Sources */ = {isa = PBXBuildFile; fileRef = E0000111; };
		E0000103 /* GameManager.swift in Sources */ = {isa = PBXBuildFile; fileRef = E0000112; };
		E0000104 /* SceneManager.swift in Sources */ = {isa = PBXBuildFile; fileRef = E0000113; };
		E0000105 /* BaseGameScene.swift in Sources */ = {isa = PBXBuildFile; fileRef = E0000114; };
		E0000106 /* GameSceneDelegate.swift in Sources */ = {isa = PBXBuildFile; fileRef = E0000115; };
		E0000107 /* GameCamera.swift in Sources */ = {isa = PBXBuildFile; fileRef = E0000116; };
		E0000108 /* ParallaxBackground.swift in Sources */ = {isa = PBXBuildFile; fileRef = E0000117; };
		E0000109 /* CameraEffects.swift in Sources */ = {isa = PBXBuildFile; fileRef = E0000118; };
		E0000119 /* VirtualJoystick.swift in Sources */ = {isa = PBXBuildFile; fileRef = E0000120; };
		E0000121 /* ActionButton.swift in Sources */ = {isa = PBXBuildFile; fileRef = E0000122; };
		E0000123 /* TouchControlsOverlay.swift in Sources */ = {isa = PBXBuildFile; fileRef = E0000124; };
		E0000125 /* InputManager.swift in Sources */ = {isa = PBXBuildFile; fileRef = E0000126; };
		E0000201 /* PhysicsCategories.swift in Sources */ = {isa = PBXBuildFile; fileRef = E0000210; };
		E0000202 /* LevelData.swift in Sources */ = {isa = PBXBuildFile; fileRef = E0000211; };
		E0000203 /* LevelLoader.swift in Sources */ = {isa = PBXBuildFile; fileRef = E0000212; };
		E0000204 /* level_1.json in Resources */ = {isa = PBXBuildFile; fileRef = E0000213; };
		E0000205 /* level_test.json in Resources */ = {isa = PBXBuildFile; fileRef = E0000214; };
		E0000301 /* Player.swift in Sources */ = {isa = PBXBuildFile; fileRef = E0000310; };
		E0000302 /* AnimationManager.swift in Sources */ = {isa = PBXBuildFile; fileRef = E0000311; };
		E0000401 /* MeleeAttack.swift in Sources */ = {isa = PBXBuildFile; fileRef = E0000410; };
		E0000501 /* Collectible.swift in Sources */ = {isa = PBXBuildFile; fileRef = E0000510; };
/* End PBXBuildFile section */

/* Begin PBXFileReference section */
		E0000008 /* ChroniclesOfRifts.app */ = {isa = PBXFileReference; explicitFileType = wrapper.application; includeInIndex = 0; path = ChroniclesOfRifts.app; sourceTree = BUILT_PRODUCTS_DIR; };
		E0000010 /* AppDelegate.swift */ = {isa = PBXFileReference; lastKnownFileType = sourcecode.swift; path = AppDelegate.swift; sourceTree = "<group>"; };
		E0000011 /* GameScene.swift */ = {isa = PBXFileReference; lastKnownFileType = sourcecode.swift; path = GameScene.swift; sourceTree = "<group>"; };
		E0000012 /* GameViewController.swift */ = {isa = PBXFileReference; lastKnownFileType = sourcecode.swift; path = GameViewController.swift; sourceTree = "<group>"; };
		E0000013 /* Base */ = {isa = PBXFileReference; lastKnownFileType = file.storyboard; name = Base; path = Base.lproj/Main.storyboard; sourceTree = "<group>"; };
		E0000015 /* Assets.xcassets */ = {isa = PBXFileReference; lastKnownFileType = folder.assetcatalog; path = Assets.xcassets; sourceTree = "<group>"; };
		E0000016 /* Base */ = {isa = PBXFileReference; lastKnownFileType = file.storyboard; name = Base; path = Base.lproj/LaunchScreen.storyboard; sourceTree = "<group>"; };
		E0000018 /* Info.plist */ = {isa = PBXFileReference; lastKnownFileType = text.plist.xml; path = Info.plist; sourceTree = "<group>"; };
		E0000110 /* GameSettings.swift */ = {isa = PBXFileReference; lastKnownFileType = sourcecode.swift; path = GameSettings.swift; sourceTree = "<group>"; };
		E0000111 /* PlayerData.swift */ = {isa = PBXFileReference; lastKnownFileType = sourcecode.swift; path = PlayerData.swift; sourceTree = "<group>"; };
		E0000112 /* GameManager.swift */ = {isa = PBXFileReference; lastKnownFileType = sourcecode.swift; path = GameManager.swift; sourceTree = "<group>"; };
		E0000113 /* SceneManager.swift */ = {isa = PBXFileReference; lastKnownFileType = sourcecode.swift; path = SceneManager.swift; sourceTree = "<group>"; };
		E0000114 /* BaseGameScene.swift */ = {isa = PBXFileReference; lastKnownFileType = sourcecode.swift; path = BaseGameScene.swift; sourceTree = "<group>"; };
		E0000115 /* GameSceneDelegate.swift */ = {isa = PBXFileReference; lastKnownFileType = sourcecode.swift; path = GameSceneDelegate.swift; sourceTree = "<group>"; };
		E0000116 /* GameCamera.swift */ = {isa = PBXFileReference; lastKnownFileType = sourcecode.swift; path = GameCamera.swift; sourceTree = "<group>"; };
		E0000117 /* ParallaxBackground.swift */ = {isa = PBXFileReference; lastKnownFileType = sourcecode.swift; path = ParallaxBackground.swift; sourceTree = "<group>"; };
		E0000118 /* CameraEffects.swift */ = {isa = PBXFileReference; lastKnownFileType = sourcecode.swift; path = CameraEffects.swift; sourceTree = "<group>"; };
		E0000120 /* VirtualJoystick.swift */ = {isa = PBXFileReference; lastKnownFileType = sourcecode.swift; path = VirtualJoystick.swift; sourceTree = "<group>"; };
		E0000122 /* ActionButton.swift */ = {isa = PBXFileReference; lastKnownFileType = sourcecode.swift; path = ActionButton.swift; sourceTree = "<group>"; };
		E0000124 /* TouchControlsOverlay.swift */ = {isa = PBXFileReference; lastKnownFileType = sourcecode.swift; path = TouchControlsOverlay.swift; sourceTree = "<group>"; };
		E0000126 /* InputManager.swift */ = {isa = PBXFileReference; lastKnownFileType = sourcecode.swift; path = InputManager.swift; sourceTree = "<group>"; };
		E0000210 /* PhysicsCategories.swift */ = {isa = PBXFileReference; lastKnownFileType = sourcecode.swift; path = PhysicsCategories.swift; sourceTree = "<group>"; };
		E0000211 /* LevelData.swift */ = {isa = PBXFileReference; lastKnownFileType = sourcecode.swift; path = LevelData.swift; sourceTree = "<group>"; };
		E0000212 /* LevelLoader.swift */ = {isa = PBXFileReference; lastKnownFileType = sourcecode.swift; path = LevelLoader.swift; sourceTree = "<group>"; };
		E0000213 /* level_1.json */ = {isa = PBXFileReference; lastKnownFileType = text.json; path = level_1.json; sourceTree = "<group>"; };
		E0000214 /* level_test.json */ = {isa = PBXFileReference; lastKnownFileType = text.json; path = level_test.json; sourceTree = "<group>"; };
		E0000310 /* Player.swift */ = {isa = PBXFileReference; lastKnownFileType = sourcecode.swift; path = Player.swift; sourceTree = "<group>"; };
		E0000311 /* AnimationManager.swift */ = {isa = PBXFileReference; lastKnownFileType = sourcecode.swift; path = AnimationManager.swift; sourceTree = "<group>"; };
		E0000410 /* MeleeAttack.swift */ = {isa = PBXFileReference; lastKnownFileType = sourcecode.swift; path = MeleeAttack.swift; sourceTree = "<group>"; };
		E0000510 /* Collectible.swift */ = {isa = PBXFileReference; lastKnownFileType = sourcecode.swift; path = Collectible.swift; sourceTree = "<group>"; };
/* End PBXFileReference section */

/* Begin PBXFrameworksBuildPhase section */
		E0000020 /* Frameworks */ = {
			isa = PBXFrameworksBuildPhase;
			buildActionMask = 2147483647;
			files = (
			);
			runOnlyForDeploymentPostprocessing = 0;
		};
/* End PBXFrameworksBuildPhase section */

/* Begin PBXGroup section */
		E0000030 = {
			isa = PBXGroup;
			children = (
				E0000031,
				E0000008,
			);
			sourceTree = "<group>";
		};
		E0000031 /* ChroniclesOfRifts */ = {
			isa = PBXGroup;
			children = (
				E0000010,
				E0000012,
				E0000040,
				E0000041,
				E0000042,
				E0000043,
				E0000044,
				E0000045,
				E0000046,
				E0000090,
				E0000015,
				E0000091,
				E0000018,
			);
			path = ChroniclesOfRifts;
			sourceTree = "<group>";
		};
		E0000040 /* Scenes */ = {
			isa = PBXGroup;
			children = (
				E0000011,
				E0000114,
				E0000115,
			);
			path = Scenes;
			sourceTree = "<group>";
		};
		E0000041 /* Entities */ = {
			isa = PBXGroup;
			children = (
				E0000310 /* Player.swift */,
				E0000510 /* Collectible.swift */,
			);
			path = Entities;
			sourceTree = "<group>";
		};
		E0000042 /* Components */ = {
			isa = PBXGroup;
			children = (
				E0000116,
				E0000117,
				E0000118,
				E0000120,
				E0000122,
				E0000124,
				E0000410,
			);
			path = Components;
			sourceTree = "<group>";
		};
		E0000043 /* Managers */ = {
			isa = PBXGroup;
			children = (
				E0000110,
				E0000111,
				E0000112,
				E0000113,
				E0000126,
				E0000311,
			);
			path = Managers;
			sourceTree = "<group>";
		};
		E0000044 /* Resources */ = {
			isa = PBXGroup;
			children = (
				E0000047,
				E0000048,
				E0000049,
			);
			path = Resources;
			sourceTree = "<group>";
		};
		E0000045 /* Levels */ = {
			isa = PBXGroup;
			children = (
				E0000211,
				E0000212,
				E0000213,
				E0000214,
			);
			path = Levels;
			sourceTree = "<group>";
		};
		E0000046 /* Utils */ = {
			isa = PBXGroup;
			children = (
				E0000210,
			);
			path = Utils;
			sourceTree = "<group>";
		};
		E0000047 /* Textures */ = {
			isa = PBXGroup;
			children = (
			);
			path = Textures;
			sourceTree = "<group>";
		};
		E0000048 /* Audio */ = {
			isa = PBXGroup;
			children = (
			);
			path = Audio;
			sourceTree = "<group>";
		};
		E0000049 /* Fonts */ = {
			isa = PBXGroup;
			children = (
			);
			path = Fonts;
			sourceTree = "<group>";
		};
/* End PBXGroup section */

/* Begin PBXNativeTarget section */
		E0000050 /* ChroniclesOfRifts */ = {
			isa = PBXNativeTarget;
			buildConfigurationList = E0000060;
			buildPhases = (
				E0000051,
				E0000020,
				E0000052,
			);
			buildRules = (
			);
			dependencies = (
			);
			name = ChroniclesOfRifts;
			productName = ChroniclesOfRifts;
			productReference = E0000008;
			productType = "com.apple.product-type.application";
		};
/* End PBXNativeTarget section */

/* Begin PBXProject section */
		E0000070 /* Project object */ = {
			isa = PBXProject;
			attributes = {
				BuildIndependentTargetsInParallel = 1;
				LastSwiftUpdateCheck = 1500;
				LastUpgradeCheck = 1500;
				TargetAttributes = {
					E0000050 = {
						CreatedOnToolsVersion = 15.0;
					};
				};
			};
			buildConfigurationList = E0000071;
			compatibilityVersion = "Xcode 14.0";
			developmentRegion = en;
			hasScannedForEncodings = 0;
			knownRegions = (
				en,
				Base,
			);
			mainGroup = E0000030;
			productRefGroup = E0000030;
			projectDirPath = "";
			projectRoot = "";
			targets = (
				E0000050,
			);
		};
/* End PBXProject section */

/* Begin PBXResourcesBuildPhase section */
		E0000052 /* Resources */ = {
			isa = PBXResourcesBuildPhase;
			buildActionMask = 2147483647;
			files = (
				E0000004,
				E0000005,
				E0000006,
				E0000204,
				E0000205,
			);
			runOnlyForDeploymentPostprocessing = 0;
		};
/* End PBXResourcesBuildPhase section */

/* Begin PBXSourcesBuildPhase section */
		E0000051 /* Sources */ = {
			isa = PBXSourcesBuildPhase;
			buildActionMask = 2147483647;
			files = (
				E0000001,
				E0000002,
				E0000003,
				E0000101,
				E0000102,
				E0000103,
				E0000104,
				E0000105,
				E0000106,
				E0000107,
				E0000108,
				E0000109,
				E0000119,
				E0000121,
				E0000123,
				E0000125,
				E0000201,
				E0000202,
				E0000203,
				E0000301,
				E0000302,
				E0000401,
				E0000501,
			);
			runOnlyForDeploymentPostprocessing = 0;
		};
/* End PBXSourcesBuildPhase section */

/* Begin PBXVariantGroup section */
		E0000090 /* Main.storyboard */ = {
			isa = PBXVariantGroup;
			children = (
				E0000013,
			);
			name = Main.storyboard;
			sourceTree = "<group>";
		};
		E0000091 /* LaunchScreen.storyboard */ = {
			isa = PBXVariantGroup;
			children = (
				E0000016,
			);
			name = LaunchScreen.storyboard;
			sourceTree = "<group>";
		};
/* End PBXVariantGroup section */

/* Begin XCBuildConfiguration section */
		E0000080 /* Debug */ = {
			isa = XCBuildConfiguration;
			buildSettings = {
				ALWAYS_SEARCH_USER_PATHS = NO;
				ASSETCATALOG_COMPILER_GENERATE_SWIFT_ASSET_SYMBOL_EXTENSIONS = YES;
				CLANG_ANALYZER_NONNULL = YES;
				CLANG_ANALYZER_NUMBER_OBJECT_CONVERSION = YES_AGGRESSIVE;
				CLANG_CXX_LANGUAGE_STANDARD = "gnu++20";
				CLANG_ENABLE_MODULES = YES;
				CLANG_ENABLE_OBJC_ARC = YES;
				CLANG_ENABLE_OBJC_WEAK = YES;
				CLANG_WARN_BLOCK_CAPTURE_AUTORELEASING = YES;
				CLANG_WARN_BOOL_CONVERSION = YES;
				CLANG_WARN_COMMA = YES;
				CLANG_WARN_CONSTANT_CONVERSION = YES;
				CLANG_WARN_DEPRECATED_OBJC_IMPLEMENTATIONS = YES;
				CLANG_WARN_DIRECT_OBJC_ISA_USAGE = YES_ERROR;
				CLANG_WARN_DOCUMENTATION_COMMENTS = YES;
				CLANG_WARN_EMPTY_BODY = YES;
				CLANG_WARN_ENUM_CONVERSION = YES;
				CLANG_WARN_INFINITE_RECURSION = YES;
				CLANG_WARN_INT_CONVERSION = YES;
				CLANG_WARN_NON_LITERAL_NULL_CONVERSION = YES;
				CLANG_WARN_OBJC_IMPLICIT_RETAIN_SELF = YES;
				CLANG_WARN_OBJC_LITERAL_CONVERSION = YES;
				CLANG_WARN_OBJC_ROOT_CLASS = YES_ERROR;
				CLANG_WARN_QUOTED_INCLUDE_IN_FRAMEWORK_HEADER = YES;
				CLANG_WARN_RANGE_LOOP_ANALYSIS = YES;
				CLANG_WARN_STRICT_PROTOTYPES = YES;
				CLANG_WARN_SUSPICIOUS_MOVE = YES;
				CLANG_WARN_UNGUARDED_AVAILABILITY = YES_AGGRESSIVE;
				CLANG_WARN_UNREACHABLE_CODE = YES;
				CLANG_WARN__DUPLICATE_METHOD_MATCH = YES;
				COPY_PHASE_STRIP = NO;
				DEBUG_INFORMATION_FORMAT = dwarf;
				ENABLE_STRICT_OBJC_MSGSEND = YES;
				ENABLE_TESTABILITY = YES;
				ENABLE_USER_SCRIPT_SANDBOXING = YES;
				GCC_C_LANGUAGE_STANDARD = gnu17;
				GCC_DYNAMIC_NO_PIC = NO;
				GCC_NO_COMMON_BLOCKS = YES;
				GCC_OPTIMIZATION_LEVEL = 0;
				GCC_PREPROCESSOR_DEFINITIONS = (
					"DEBUG=1",
					"$(inherited)",
				);
				GCC_WARN_64_TO_32_BIT_CONVERSION = YES;
				GCC_WARN_ABOUT_RETURN_TYPE = YES_ERROR;
				GCC_WARN_UNDECLARED_SELECTOR = YES;
				GCC_WARN_UNINITIALIZED_AUTOS = YES_AGGRESSIVE;
				GCC_WARN_UNUSED_FUNCTION = YES;
				GCC_WARN_UNUSED_VARIABLE = YES;
				IPHONEOS_DEPLOYMENT_TARGET = 15.0;
				LOCALIZATION_PREFERS_STRING_CATALOGS = YES;
				MTL_ENABLE_DEBUG_INFO = INCLUDE_SOURCE;
				MTL_FAST_MATH = YES;
				ONLY_ACTIVE_ARCH = YES;
				SDKROOT = iphoneos;
				SWIFT_ACTIVE_COMPILATION_CONDITIONS = "DEBUG $(inherited)";
				SWIFT_OPTIMIZATION_LEVEL = "-Onone";
				SWIFT_VERSION = 5.0;
			};
			name = Debug;
		};
		E0000081 /* Release */ = {
			isa = XCBuildConfiguration;
			buildSettings = {
				ALWAYS_SEARCH_USER_PATHS = NO;
				ASSETCATALOG_COMPILER_GENERATE_SWIFT_ASSET_SYMBOL_EXTENSIONS = YES;
				CLANG_ANALYZER_NONNULL = YES;
				CLANG_ANALYZER_NUMBER_OBJECT_CONVERSION = YES_AGGRESSIVE;
				CLANG_CXX_LANGUAGE_STANDARD = "gnu++20";
				CLANG_ENABLE_MODULES = YES;
				CLANG_ENABLE_OBJC_ARC = YES;
				CLANG_ENABLE_OBJC_WEAK = YES;
				CLANG_WARN_BLOCK_CAPTURE_AUTORELEASING = YES;
				CLANG_WARN_BOOL_CONVERSION = YES;
				CLANG_WARN_COMMA = YES;
				CLANG_WARN_CONSTANT_CONVERSION = YES;
				CLANG_WARN_DEPRECATED_OBJC_IMPLEMENTATIONS = YES;
				CLANG_WARN_DIRECT_OBJC_ISA_USAGE = YES_ERROR;
				CLANG_WARN_DOCUMENTATION_COMMENTS = YES;
				CLANG_WARN_EMPTY_BODY = YES;
				CLANG_WARN_ENUM_CONVERSION = YES;
				CLANG_WARN_INFINITE_RECURSION = YES;
				CLANG_WARN_INT_CONVERSION = YES;
				CLANG_WARN_NON_LITERAL_NULL_CONVERSION = YES;
				CLANG_WARN_OBJC_IMPLICIT_RETAIN_SELF = YES;
				CLANG_WARN_OBJC_LITERAL_CONVERSION = YES;
				CLANG_WARN_OBJC_ROOT_CLASS = YES_ERROR;
				CLANG_WARN_QUOTED_INCLUDE_IN_FRAMEWORK_HEADER = YES;
				CLANG_WARN_RANGE_LOOP_ANALYSIS = YES;
				CLANG_WARN_STRICT_PROTOTYPES = YES;
				CLANG_WARN_SUSPICIOUS_MOVE = YES;
				CLANG_WARN_UNGUARDED_AVAILABILITY = YES_AGGRESSIVE;
				CLANG_WARN_UNREACHABLE_CODE = YES;
				CLANG_WARN__DUPLICATE_METHOD_MATCH = YES;
				COPY_PHASE_STRIP = NO;
				DEBUG_INFORMATION_FORMAT = "dwarf-with-dsym";
				ENABLE_NS_ASSERTIONS = NO;
				ENABLE_STRICT_OBJC_MSGSEND = YES;
				ENABLE_USER_SCRIPT_SANDBOXING = YES;
				GCC_C_LANGUAGE_STANDARD = gnu17;
				GCC_NO_COMMON_BLOCKS = YES;
				GCC_WARN_64_TO_32_BIT_CONVERSION = YES;
				GCC_WARN_ABOUT_RETURN_TYPE = YES_ERROR;
				GCC_WARN_UNDECLARED_SELECTOR = YES;
				GCC_WARN_UNINITIALIZED_AUTOS = YES_AGGRESSIVE;
				GCC_WARN_UNUSED_FUNCTION = YES;
				GCC_WARN_UNUSED_VARIABLE = YES;
				IPHONEOS_DEPLOYMENT_TARGET = 15.0;
				LOCALIZATION_PREFERS_STRING_CATALOGS = YES;
				MTL_ENABLE_DEBUG_INFO = NO;
				MTL_FAST_MATH = YES;
				SDKROOT = iphoneos;
				SWIFT_COMPILATION_MODE = wholemodule;
				SWIFT_VERSION = 5.0;
				VALIDATE_PRODUCT = YES;
			};
			name = Release;
		};
		E0000082 /* Debug */ = {
			isa = XCBuildConfiguration;
			buildSettings = {
				ASSETCATALOG_COMPILER_APPICON_NAME = AppIcon;
				ASSETCATALOG_COMPILER_GLOBAL_ACCENT_COLOR_NAME = AccentColor;
				CODE_SIGN_STYLE = Automatic;
				CURRENT_PROJECT_VERSION = 1;
				GENERATE_INFOPLIST_FILE = YES;
				INFOPLIST_FILE = ChroniclesOfRifts/Info.plist;
				INFOPLIST_KEY_UIApplicationSupportsIndirectInputEvents = YES;
				INFOPLIST_KEY_UILaunchStoryboardName = LaunchScreen;
				INFOPLIST_KEY_UIMainStoryboardFile = Main;
				INFOPLIST_KEY_UIRequiresFullScreen = YES;
				INFOPLIST_KEY_UIStatusBarHidden = YES;
				INFOPLIST_KEY_UISupportedInterfaceOrientations = "UIInterfaceOrientationLandscapeLeft UIInterfaceOrientationLandscapeRight";
				LD_RUNPATH_SEARCH_PATHS = (
					"$(inherited)",
					"@executable_path/Frameworks",
				);
				MARKETING_VERSION = 1.0;
				PRODUCT_BUNDLE_IDENTIFIER = com.chroniclesofrifts.game;
				PRODUCT_NAME = "$(TARGET_NAME)";
				SWIFT_EMIT_LOC_STRINGS = YES;
				SWIFT_VERSION = 5.0;
				TARGETED_DEVICE_FAMILY = "1,2";
			};
			name = Debug;
		};
		E0000083 /* Release */ = {
			isa = XCBuildConfiguration;
			buildSettings = {
				ASSETCATALOG_COMPILER_APPICON_NAME = AppIcon;
				ASSETCATALOG_COMPILER_GLOBAL_ACCENT_COLOR_NAME = AccentColor;
				CODE_SIGN_STYLE = Automatic;
				CURRENT_PROJECT_VERSION = 1;
				GENERATE_INFOPLIST_FILE = YES;
				INFOPLIST_FILE = ChroniclesOfRifts/Info.plist;
				INFOPLIST_KEY_UIApplicationSupportsIndirectInputEvents = YES;
				INFOPLIST_KEY_UILaunchStoryboardName = LaunchScreen;
				INFOPLIST_KEY_UIMainStoryboardFile = Main;
				INFOPLIST_KEY_UIRequiresFullScreen = YES;
				INFOPLIST_KEY_UIStatusBarHidden = YES;
				INFOPLIST_KEY_UISupportedInterfaceOrientations = "UIInterfaceOrientationLandscapeLeft UIInterfaceOrientationLandscapeRight";
				LD_RUNPATH_SEARCH_PATHS = (
					"$(inherited)",
					"@executable_path/Frameworks",
				);
				MARKETING_VERSION = 1.0;
				PRODUCT_BUNDLE_IDENTIFIER = com.chroniclesofrifts.game;
				PRODUCT_NAME = "$(TARGET_NAME)";
				SWIFT_EMIT_LOC_STRINGS = YES;
				SWIFT_VERSION = 5.0;
				TARGETED_DEVICE_FAMILY = "1,2";
			};
			name = Release;
		};
/* End XCBuildConfiguration section */

/* Begin XCConfigurationList section */
		E0000060 /* Build configuration list for PBXNativeTarget "ChroniclesOfRifts" */ = {
			isa = XCConfigurationList;
			buildConfigurations = (
				E0000082,
				E0000083,
			);
			defaultConfigurationIsVisible = 0;
			defaultConfigurationName = Release;
		};
		E0000071 /* Build configuration list for PBXProject "ChroniclesOfRifts" */ = {
			isa = XCConfigurationList;
			buildConfigurations = (
				E0000080,
				E0000081,
			);
			defaultConfigurationIsVisible = 0;
			defaultConfigurationName = Release;
		};
/* End XCConfigurationList section */
	};
	rootObject = E0000070 /* Project object */;
}
